
Microsoft Visual Studio Solution File, Format Version 12.00
# Visual Studio 15
VisualStudioVersion = 15.0.28010.2046
MinimumVisualStudioVersion = 10.0.40219.1
Project("{8BC9CEB8-8B4A-11D0-8D11-00A0C91BC942}") = "Lab5Point", "Lab5Point\Lab5Point.vcxproj", "{C63068D7-72B7-4D3D-809C-6318EB5AD101}"
EndProject
Global
	GlobalSection(SolutionConfigurationPlatforms) = preSolution
		Debug|x64 = Debug|x64
		Debug|x86 = Debug|x86
		Release|x64 = Release|x64
		Release|x86 = Release|x86
	EndGlobalSection
	GlobalSection(ProjectConfigurationPlatforms) = postSolution
		{C63068D7-72B7-4D3D-809C-6318EB5AD101}.Debug|x64.ActiveCfg = Debug|x64
		{C63068D7-72B7-4D3D-809C-6318EB5AD101}.Debug|x64.Build.0 = Debug|x64
		{C63068D7-72B7-4D3D-809C-6318EB5AD101}.Debug|x86.ActiveCfg = Debug|Win32
		{C63068D7-72B7-4D3D-809C-6318EB5AD101}.Debug|x86.Build.0 = Debug|Win32
		{C63068D7-72B7-4D3D-809C-6318EB5AD101}.Release|x64.ActiveCfg = Release|x64
		{C63068D7-72B7-4D3D-809C-6318EB5AD101}.Release|x64.Build.0 = Release|x64
		{C63068D7-72B7-4D3D-809C-6318EB5AD101}.Release|x86.ActiveCfg = Release|Win32
		{C63068D7-72B7-4D3D-809C-6318EB5AD101}.Release|x86.Build.0 = Release|Win32
	EndGlobalSection
	GlobalSection(SolutionProperties) = preSolution
		HideSolutionNode = FALSE
	EndGlobalSection
	GlobalSection(ExtensibilityGlobals) = postSolution
		SolutionGuid = {734C7C63-7247-4F42-BF4E-C4DA2C9DAED4}
	EndGlobalSection
EndGlobal
